
Microsoft Visual Studio Solution File, Format Version 12.00
# Visual Studio Version 17
VisualStudioVersion = 17.11.35219.272
MinimumVisualStudioVersion = 10.0.40219.1
Project("{FAE04EC0-301F-11D3-BF4B-00C04F79EFBC}") = "GrandDevOpsSanAndreas", "GrandDevOpsSanAndreas\GrandDevOpsSanAndreas.csproj", "{BA278E63-3AAE-448F-A457-EC65980A2300}"
EndProject
Global
	GlobalSection(SolutionConfigurationPlatforms) = preSolution
		Debug|Any CPU = Debug|Any CPU
		Release|Any CPU = Release|Any CPU
	EndGlobalSection
	GlobalSection(ProjectConfigurationPlatforms) = postSolution
		{BA278E63-3AAE-448F-A457-EC65980A2300}.Debug|Any CPU.ActiveCfg = Debug|Any CPU
		{BA278E63-3AAE-448F-A457-EC65980A2300}.Debug|Any CPU.Build.0 = Debug|Any CPU
		{BA278E63-3AAE-448F-A457-EC65980A2300}.Release|Any CPU.ActiveCfg = Release|Any CPU
		{BA278E63-3AAE-448F-A457-EC65980A2300}.Release|Any CPU.Build.0 = Release|Any CPU
	EndGlobalSection
	GlobalSection(SolutionProperties) = preSolution
		HideSolutionNode = FALSE
	EndGlobalSection
	GlobalSection(ExtensibilityGlobals) = postSolution
		SolutionGuid = {4C2866BE-5752-47D2-81B4-576953EED799}
	EndGlobalSection
EndGlobal
